
Microsoft Visual Studio Solution File, Format Version 12.00
# Visual Studio Version 16
VisualStudioVersion = 16.0.29709.97
MinimumVisualStudioVersion = 10.0.40219.1
Project("{9A19103F-16F7-4668-BE54-9A1E7A4F7556}") = "CED_MonitorServers", "CED_MonitorServers.csproj", "{06AB7C89-BFE7-4E56-92C7-1B1BEE87FED8}"
EndProject
Global
	GlobalSection(SolutionConfigurationPlatforms) = preSolution
		Debug|Any CPU = Debug|Any CPU
		Release|Any CPU = Release|Any CPU
	EndGlobalSection
	GlobalSection(ProjectConfigurationPlatforms) = postSolution
		{06AB7C89-BFE7-4E56-92C7-1B1BEE87FED8}.Debug|Any CPU.ActiveCfg = Debug|Any CPU
		{06AB7C89-BFE7-4E56-92C7-1B1BEE87FED8}.Debug|Any CPU.Build.0 = Debug|Any CPU
		{06AB7C89-BFE7-4E56-92C7-1B1BEE87FED8}.Release|Any CPU.ActiveCfg = Release|Any CPU
		{06AB7C89-BFE7-4E56-92C7-1B1BEE87FED8}.Release|Any CPU.Build.0 = Release|Any CPU
	EndGlobalSection
	GlobalSection(SolutionProperties) = preSolution
		HideSolutionNode = FALSE
	EndGlobalSection
	GlobalSection(ExtensibilityGlobals) = postSolution
		SolutionGuid = {F11D6D58-331A-44E1-945E-A02639FCD595}
	EndGlobalSection
EndGlobal
